
Microsoft Visual Studio Solution File, Format Version 12.00
# Visual Studio Version 17
VisualStudioVersion = 17.9.34607.119
MinimumVisualStudioVersion = 10.0.40219.1
Project("{FAE04EC0-301F-11D3-BF4B-00C04F79EFBC}") = "Project_GradeBook_Web", "Project_GradeBook_Web\Project_GradeBook_Web.csproj", "{F8AA5720-0D25-42C3-874B-BD2573609324}"
EndProject
Global
	GlobalSection(SolutionConfigurationPlatforms) = preSolution
		Debug|Any CPU = Debug|Any CPU
		Release|Any CPU = Release|Any CPU
	EndGlobalSection
	GlobalSection(ProjectConfigurationPlatforms) = postSolution
		{F8AA5720-0D25-42C3-874B-BD2573609324}.Debug|Any CPU.ActiveCfg = Debug|Any CPU
		{F8AA5720-0D25-42C3-874B-BD2573609324}.Debug|Any CPU.Build.0 = Debug|Any CPU
		{F8AA5720-0D25-42C3-874B-BD2573609324}.Release|Any CPU.ActiveCfg = Release|Any CPU
		{F8AA5720-0D25-42C3-874B-BD2573609324}.Release|Any CPU.Build.0 = Release|Any CPU
	EndGlobalSection
	GlobalSection(SolutionProperties) = preSolution
		HideSolutionNode = FALSE
	EndGlobalSection
	GlobalSection(ExtensibilityGlobals) = postSolution
		SolutionGuid = {B5055756-0F13-4FFB-B081-E41DE5EC431F}
	EndGlobalSection
EndGlobal
